// !$*UTF8*$!
{
	archiveVersion = 1;
	classes = {
	};
	objectVersion = 48;
	objects = {

/* Begin PBXBuildFile section */
		2D1FA50A2000F223003B1E51 /* AppDelegate.swift in Sources */ = {isa = PBXBuildFile; fileRef = 2D1FA5092000F223003B1E51 /* AppDelegate.swift */; };
		2D1FA50F2000F223003B1E51 /* Main.storyboard in Resources */ = {isa = PBXBuildFile; fileRef = 2D1FA50D2000F223003B1E51 /* Main.storyboard */; };
		2D1FA5122000F223003B1E51 /* MovieApp.xcdatamodeld in Sources */ = {isa = PBXBuildFile; fileRef = 2D1FA5102000F223003B1E51 /* MovieApp.xcdatamodeld */; };
		2D1FA5142000F224003B1E51 /* Assets.xcassets in Resources */ = {isa = PBXBuildFile; fileRef = 2D1FA5132000F224003B1E51 /* Assets.xcassets */; };
		2D1FA5172000F224003B1E51 /* LaunchScreen.storyboard in Resources */ = {isa = PBXBuildFile; fileRef = 2D1FA5152000F224003B1E51 /* LaunchScreen.storyboard */; };
		2D1FA5222000F224003B1E51 /* MovieAppTests.swift in Sources */ = {isa = PBXBuildFile; fileRef = 2D1FA5212000F224003B1E51 /* MovieAppTests.swift */; };
		2D1FA52D2000F224003B1E51 /* MovieAppUITests.swift in Sources */ = {isa = PBXBuildFile; fileRef = 2D1FA52C2000F224003B1E51 /* MovieAppUITests.swift */; };
		2D1FA53B2000F35C003B1E51 /* MoviesViewController.swift in Sources */ = {isa = PBXBuildFile; fileRef = 2D1FA53A2000F35C003B1E51 /* MoviesViewController.swift */; };
		2D3258CD200134430006B6BB /* MovieCell.swift in Sources */ = {isa = PBXBuildFile; fileRef = 2D3258CB200134430006B6BB /* MovieCell.swift */; };
		2D3258CE200134430006B6BB /* MovieCell.xib in Resources */ = {isa = PBXBuildFile; fileRef = 2D3258CC200134430006B6BB /* MovieCell.xib */; };
		2D3258D2200242CC0006B6BB /* Movie.swift in Sources */ = {isa = PBXBuildFile; fileRef = 2D3258D1200242CC0006B6BB /* Movie.swift */; };
		2D3258D8200247D40006B6BB /* ClientAPI.swift in Sources */ = {isa = PBXBuildFile; fileRef = 2D3258D7200247D40006B6BB /* ClientAPI.swift */; };
/* End PBXBuildFile section */

/* Begin PBXContainerItemProxy section */
		2D1FA51E2000F224003B1E51 /* PBXContainerItemProxy */ = {
			isa = PBXContainerItemProxy;
			containerPortal = 2D1FA4FE2000F223003B1E51 /* Project object */;
			proxyType = 1;
			remoteGlobalIDString = 2D1FA5052000F223003B1E51;
			remoteInfo = MovieApp;
		};
		2D1FA5292000F224003B1E51 /* PBXContainerItemProxy */ = {
			isa = PBXContainerItemProxy;
			containerPortal = 2D1FA4FE2000F223003B1E51 /* Project object */;
			proxyType = 1;
			remoteGlobalIDString = 2D1FA5052000F223003B1E51;
			remoteInfo = MovieApp;
		};
/* End PBXContainerItemProxy section */

/* Begin PBXFileReference section */
		2D1FA5062000F223003B1E51 /* MovieApp.app */ = {isa = PBXFileReference; explicitFileType = wrapper.application; includeInIndex = 0; path = MovieApp.app; sourceTree = BUILT_PRODUCTS_DIR; };
		2D1FA5092000F223003B1E51 /* AppDelegate.swift */ = {isa = PBXFileReference; lastKnownFileType = sourcecode.swift; path = AppDelegate.swift; sourceTree = "<group>"; };
		2D1FA50E2000F223003B1E51 /* Base */ = {isa = PBXFileReference; lastKnownFileType = file.storyboard; name = Base; path = Base.lproj/Main.storyboard; sourceTree = "<group>"; };
		2D1FA5112000F223003B1E51 /* MovieApp.xcdatamodel */ = {isa = PBXFileReference; lastKnownFileType = wrapper.xcdatamodel; path = MovieApp.xcdatamodel; sourceTree = "<group>"; };
		2D1FA5132000F224003B1E51 /* Assets.xcassets */ = {isa = PBXFileReference; lastKnownFileType = folder.assetcatalog; path = Assets.xcassets; sourceTree = "<group>"; };
		2D1FA5162000F224003B1E51 /* Base */ = {isa = PBXFileReference; lastKnownFileType = file.storyboard; name = Base; path = Base.lproj/LaunchScreen.storyboard; sourceTree = "<group>"; };
		2D1FA5182000F224003B1E51 /* Info.plist */ = {isa = PBXFileReference; lastKnownFileType = text.plist.xml; path = Info.plist; sourceTree = "<group>"; };
		2D1FA51D2000F224003B1E51 /* MovieAppTests.xctest */ = {isa = PBXFileReference; explicitFileType = wrapper.cfbundle; includeInIndex = 0; path = MovieAppTests.xctest; sourceTree = BUILT_PRODUCTS_DIR; };
		2D1FA5212000F224003B1E51 /* MovieAppTests.swift */ = {isa = PBXFileReference; lastKnownFileType = sourcecode.swift; path = MovieAppTests.swift; sourceTree = "<group>"; };
		2D1FA5232000F224003B1E51 /* Info.plist */ = {isa = PBXFileReference; lastKnownFileType = text.plist.xml; path = Info.plist; sourceTree = "<group>"; };
		2D1FA5282000F224003B1E51 /* MovieAppUITests.xctest */ = {isa = PBXFileReference; explicitFileType = wrapper.cfbundle; includeInIndex = 0; path = MovieAppUITests.xctest; sourceTree = BUILT_PRODUCTS_DIR; };
		2D1FA52C2000F224003B1E51 /* MovieAppUITests.swift */ = {isa = PBXFileReference; lastKnownFileType = sourcecode.swift; path = MovieAppUITests.swift; sourceTree = "<group>"; };
		2D1FA52E2000F224003B1E51 /* Info.plist */ = {isa = PBXFileReference; lastKnownFileType = text.plist.xml; path = Info.plist; sourceTree = "<group>"; };
		2D1FA53A2000F35C003B1E51 /* MoviesViewController.swift */ = {isa = PBXFileReference; lastKnownFileType = sourcecode.swift; path = MoviesViewController.swift; sourceTree = "<group>"; };
		2D3258CB200134430006B6BB /* MovieCell.swift */ = {isa = PBXFileReference; lastKnownFileType = sourcecode.swift; path = MovieCell.swift; sourceTree = "<group>"; };
		2D3258CC200134430006B6BB /* MovieCell.xib */ = {isa = PBXFileReference; lastKnownFileType = file.xib; path = MovieCell.xib; sourceTree = "<group>"; };
		2D3258D1200242CC0006B6BB /* Movie.swift */ = {isa = PBXFileReference; lastKnownFileType = sourcecode.swift; path = Movie.swift; sourceTree = "<group>"; };
		2D3258D7200247D40006B6BB /* ClientAPI.swift */ = {isa = PBXFileReference; lastKnownFileType = sourcecode.swift; path = ClientAPI.swift; sourceTree = "<group>"; };
/* End PBXFileReference section */

/* Begin PBXFrameworksBuildPhase section */
		2D1FA5032000F223003B1E51 /* Frameworks */ = {
			isa = PBXFrameworksBuildPhase;
			buildActionMask = 2147483647;
			files = (
			);
			runOnlyForDeploymentPostprocessing = 0;
		};
		2D1FA51A2000F224003B1E51 /* Frameworks */ = {
			isa = PBXFrameworksBuildPhase;
			buildActionMask = 2147483647;
			files = (
			);
			runOnlyForDeploymentPostprocessing = 0;
		};
		2D1FA5252000F224003B1E51 /* Frameworks */ = {
			isa = PBXFrameworksBuildPhase;
			buildActionMask = 2147483647;
			files = (
			);
			runOnlyForDeploymentPostprocessing = 0;
		};
/* End PBXFrameworksBuildPhase section */

/* Begin PBXGroup section */
		2D1FA4FD2000F223003B1E51 = {
			isa = PBXGroup;
			children = (
				2D1FA5082000F223003B1E51 /* MovieApp */,
				2D1FA5202000F224003B1E51 /* MovieAppTests */,
				2D1FA52B2000F224003B1E51 /* MovieAppUITests */,
				2D1FA5072000F223003B1E51 /* Products */,
			);
			sourceTree = "<group>";
		};
		2D1FA5072000F223003B1E51 /* Products */ = {
			isa = PBXGroup;
			children = (
				2D1FA5062000F223003B1E51 /* MovieApp.app */,
				2D1FA51D2000F224003B1E51 /* MovieAppTests.xctest */,
				2D1FA5282000F224003B1E51 /* MovieAppUITests.xctest */,
			);
			name = Products;
			sourceTree = "<group>";
		};
		2D1FA5082000F223003B1E51 /* MovieApp */ = {
			isa = PBXGroup;
			children = (
				2D1FA5092000F223003B1E51 /* AppDelegate.swift */,
				2D1FA50D2000F223003B1E51 /* Main.storyboard */,
				2D1FA5132000F224003B1E51 /* Assets.xcassets */,
				2D1FA5152000F224003B1E51 /* LaunchScreen.storyboard */,
				2D1FA5182000F224003B1E51 /* Info.plist */,
				2D1FA5102000F223003B1E51 /* MovieApp.xcdatamodeld */,
				2D1FA53A2000F35C003B1E51 /* MoviesViewController.swift */,
				2D3258CB200134430006B6BB /* MovieCell.swift */,
				2D3258CC200134430006B6BB /* MovieCell.xib */,
				2D3258D1200242CC0006B6BB /* Movie.swift */,
				2D3258D7200247D40006B6BB /* ClientAPI.swift */,
			);
			path = MovieApp;
			sourceTree = "<group>";
		};
		2D1FA5202000F224003B1E51 /* MovieAppTests */ = {
			isa = PBXGroup;
			children = (
				2D1FA5212000F224003B1E51 /* MovieAppTests.swift */,
				2D1FA5232000F224003B1E51 /* Info.plist */,
			);
			path = MovieAppTests;
			sourceTree = "<group>";
		};
		2D1FA52B2000F224003B1E51 /* MovieAppUITests */ = {
			isa = PBXGroup;
			children = (
				2D1FA52C2000F224003B1E51 /* MovieAppUITests.swift */,
				2D1FA52E2000F224003B1E51 /* Info.plist */,
			);
			path = MovieAppUITests;
			sourceTree = "<group>";
		};
/* End PBXGroup section */

/* Begin PBXNativeTarget section */
		2D1FA5052000F223003B1E51 /* MovieApp */ = {
			isa = PBXNativeTarget;
			buildConfigurationList = 2D1FA5312000F224003B1E51 /* Build configuration list for PBXNativeTarget "MovieApp" */;
			buildPhases = (
				2D1FA5022000F223003B1E51 /* Sources */,
				2D1FA5032000F223003B1E51 /* Frameworks */,
				2D1FA5042000F223003B1E51 /* Resources */,
			);
			buildRules = (
			);
			dependencies = (
			);
			name = MovieApp;
			productName = MovieApp;
			productReference = 2D1FA5062000F223003B1E51 /* MovieApp.app */;
			productType = "com.apple.product-type.application";
		};
		2D1FA51C2000F224003B1E51 /* MovieAppTests */ = {
			isa = PBXNativeTarget;
			buildConfigurationList = 2D1FA5342000F224003B1E51 /* Build configuration list for PBXNativeTarget "MovieAppTests" */;
			buildPhases = (
				2D1FA5192000F224003B1E51 /* Sources */,
				2D1FA51A2000F224003B1E51 /* Frameworks */,
				2D1FA51B2000F224003B1E51 /* Resources */,
			);
			buildRules = (
			);
			dependencies = (
				2D1FA51F2000F224003B1E51 /* PBXTargetDependency */,
			);
			name = MovieAppTests;
			productName = MovieAppTests;
			productReference = 2D1FA51D2000F224003B1E51 /* MovieAppTests.xctest */;
			productType = "com.apple.product-type.bundle.unit-test";
		};
		2D1FA5272000F224003B1E51 /* MovieAppUITests */ = {
			isa = PBXNativeTarget;
			buildConfigurationList = 2D1FA5372000F224003B1E51 /* Build configuration list for PBXNativeTarget "MovieAppUITests" */;
			buildPhases = (
				2D1FA5242000F224003B1E51 /* Sources */,
				2D1FA5252000F224003B1E51 /* Frameworks */,
				2D1FA5262000F224003B1E51 /* Resources */,
			);
			buildRules = (
			);
			dependencies = (
				2D1FA52A2000F224003B1E51 /* PBXTargetDependency */,
			);
			name = MovieAppUITests;
			productName = MovieAppUITests;
			productReference = 2D1FA5282000F224003B1E51 /* MovieAppUITests.xctest */;
			productType = "com.apple.product-type.bundle.ui-testing";
		};
/* End PBXNativeTarget section */

/* Begin PBXProject section */
		2D1FA4FE2000F223003B1E51 /* Project object */ = {
			isa = PBXProject;
			attributes = {
				LastSwiftUpdateCheck = 0920;
				LastUpgradeCheck = 0920;
				ORGANIZATIONNAME = ismailov.com;
				TargetAttributes = {
					2D1FA5052000F223003B1E51 = {
						CreatedOnToolsVersion = 9.2;
						ProvisioningStyle = Automatic;
					};
					2D1FA51C2000F224003B1E51 = {
						CreatedOnToolsVersion = 9.2;
						ProvisioningStyle = Automatic;
						TestTargetID = 2D1FA5052000F223003B1E51;
					};
					2D1FA5272000F224003B1E51 = {
						CreatedOnToolsVersion = 9.2;
						ProvisioningStyle = Automatic;
						TestTargetID = 2D1FA5052000F223003B1E51;
					};
				};
			};
			buildConfigurationList = 2D1FA5012000F223003B1E51 /* Build configuration list for PBXProject "MovieApp" */;
			compatibilityVersion = "Xcode 8.0";
			developmentRegion = en;
			hasScannedForEncodings = 0;
			knownRegions = (
				en,
				Base,
			);
			mainGroup = 2D1FA4FD2000F223003B1E51;
			productRefGroup = 2D1FA5072000F223003B1E51 /* Products */;
			projectDirPath = "";
			projectRoot = "";
			targets = (
				2D1FA5052000F223003B1E51 /* MovieApp */,
				2D1FA51C2000F224003B1E51 /* MovieAppTests */,
				2D1FA5272000F224003B1E51 /* MovieAppUITests */,
			);
		};
/* End PBXProject section */

/* Begin PBXResourcesBuildPhase section */
		2D1FA5042000F223003B1E51 /* Resources */ = {
			isa = PBXResourcesBuildPhase;
			buildActionMask = 2147483647;
			files = (
				2D1FA5172000F224003B1E51 /* LaunchScreen.storyboard in Resources */,
				2D1FA5142000F224003B1E51 /* Assets.xcassets in Resources */,
				2D3258CE200134430006B6BB /* MovieCell.xib in Resources */,
				2D1FA50F2000F223003B1E51 /* Main.storyboard in Resources */,
			);
			runOnlyForDeploymentPostprocessing = 0;
		};
		2D1FA51B2000F224003B1E51 /* Resources */ = {
			isa = PBXResourcesBuildPhase;
			buildActionMask = 2147483647;
			files = (
			);
			runOnlyForDeploymentPostprocessing = 0;
		};
		2D1FA5262000F224003B1E51 /* Resources */ = {
			isa = PBXResourcesBuildPhase;
			buildActionMask = 2147483647;
			files = (
			);
			runOnlyForDeploymentPostprocessing = 0;
		};
/* End PBXResourcesBuildPhase section */

/* Begin PBXSourcesBuildPhase section */
		2D1FA5022000F223003B1E51 /* Sources */ = {
			isa = PBXSourcesBuildPhase;
			buildActionMask = 2147483647;
			files = (
				2D1FA50A2000F223003B1E51 /* AppDelegate.swift in Sources */,
				2D1FA5122000F223003B1E51 /* MovieApp.xcdatamodeld in Sources */,
				2D3258CD200134430006B6BB /* MovieCell.swift in Sources */,
				2D1FA53B2000F35C003B1E51 /* MoviesViewController.swift in Sources */,
				2D3258D2200242CC0006B6BB /* Movie.swift in Sources */,
				2D3258D8200247D40006B6BB /* ClientAPI.swift in Sources */,
			);
			runOnlyForDeploymentPostprocessing = 0;
		};
		2D1FA5192000F224003B1E51 /* Sources */ = {
			isa = PBXSourcesBuildPhase;
			buildActionMask = 2147483647;
			files = (
				2D1FA5222000F224003B1E51 /* MovieAppTests.swift in Sources */,
			);
			runOnlyForDeploymentPostprocessing = 0;
		};
		2D1FA5242000F224003B1E51 /* Sources */ = {
			isa = PBXSourcesBuildPhase;
			buildActionMask = 2147483647;
			files = (
				2D1FA52D2000F224003B1E51 /* MovieAppUITests.swift in Sources */,
			);
			runOnlyForDeploymentPostprocessing = 0;
		};
/* End PBXSourcesBuildPhase section */

/* Begin PBXTargetDependency section */
		2D1FA51F2000F224003B1E51 /* PBXTargetDependency */ = {
			isa = PBXTargetDependency;
			target = 2D1FA5052000F223003B1E51 /* MovieApp */;
			targetProxy = 2D1FA51E2000F224003B1E51 /* PBXContainerItemProxy */;
		};
		2D1FA52A2000F224003B1E51 /* PBXTargetDependency */ = {
			isa = PBXTargetDependency;
			target = 2D1FA5052000F223003B1E51 /* MovieApp */;
			targetProxy = 2D1FA5292000F224003B1E51 /* PBXContainerItemProxy */;
		};
/* End PBXTargetDependency section */

/* Begin PBXVariantGroup section */
		2D1FA50D2000F223003B1E51 /* Main.storyboard */ = {
			isa = PBXVariantGroup;
			children = (
				2D1FA50E2000F223003B1E51 /* Base */,
			);
			name = Main.storyboard;
			sourceTree = "<group>";
		};
		2D1FA5152000F224003B1E51 /* LaunchScreen.storyboard */ = {
			isa = PBXVariantGroup;
			children = (
				2D1FA5162000F224003B1E51 /* Base */,
			);
			name = LaunchScreen.storyboard;
			sourceTree = "<group>";
		};
/* End PBXVariantGroup section */

/* Begin XCBuildConfiguration section */
		2D1FA52F2000F224003B1E51 /* Debug */ = {
			isa = XCBuildConfiguration;
			buildSettings = {
				ALWAYS_SEARCH_USER_PATHS = NO;
				CLANG_ANALYZER_NONNULL = YES;
				CLANG_ANALYZER_NUMBER_OBJECT_CONVERSION = YES_AGGRESSIVE;
				CLANG_CXX_LANGUAGE_STANDARD = "gnu++14";
				CLANG_CXX_LIBRARY = "libc++";
				CLANG_ENABLE_MODULES = YES;
				CLANG_ENABLE_OBJC_ARC = YES;
				CLANG_WARN_BLOCK_CAPTURE_AUTORELEASING = YES;
				CLANG_WARN_BOOL_CONVERSION = YES;
				CLANG_WARN_COMMA = YES;
				CLANG_WARN_CONSTANT_CONVERSION = YES;
				CLANG_WARN_DIRECT_OBJC_ISA_USAGE = YES_ERROR;
				CLANG_WARN_DOCUMENTATION_COMMENTS = YES;
				CLANG_WARN_EMPTY_BODY = YES;
				CLANG_WARN_ENUM_CONVERSION = YES;
				CLANG_WARN_INFINITE_RECURSION = YES;
				CLANG_WARN_INT_CONVERSION = YES;
				CLANG_WARN_NON_LITERAL_NULL_CONVERSION = YES;
				CLANG_WARN_OBJC_LITERAL_CONVERSION = YES;
				CLANG_WARN_OBJC_ROOT_CLASS = YES_ERROR;
				CLANG_WARN_RANGE_LOOP_ANALYSIS = YES;
				CLANG_WARN_STRICT_PROTOTYPES = YES;
				CLANG_WARN_SUSPICIOUS_MOVE = YES;
				CLANG_WARN_UNGUARDED_AVAILABILITY = YES_AGGRESSIVE;
				CLANG_WARN_UNREACHABLE_CODE = YES;
				CLANG_WARN__DUPLICATE_METHOD_MATCH = YES;
				CODE_SIGN_IDENTITY = "iPhone Developer";
				COPY_PHASE_STRIP = NO;
				DEBUG_INFORMATION_FORMAT = dwarf;
				ENABLE_STRICT_OBJC_MSGSEND = YES;
				ENABLE_TESTABILITY = YES;
				GCC_C_LANGUAGE_STANDARD = gnu11;
				GCC_DYNAMIC_NO_PIC = NO;
				GCC_NO_COMMON_BLOCKS = YES;
				GCC_OPTIMIZATION_LEVEL = 0;
				GCC_PREPROCESSOR_DEFINITIONS = (
					"DEBUG=1",
					"$(inherited)",
				);
				GCC_WARN_64_TO_32_BIT_CONVERSION = YES;
				GCC_WARN_ABOUT_RETURN_TYPE = YES_ERROR;
				GCC_WARN_UNDECLARED_SELECTOR = YES;
				GCC_WARN_UNINITIALIZED_AUTOS = YES_AGGRESSIVE;
				GCC_WARN_UNUSED_FUNCTION = YES;
				GCC_WARN_UNUSED_VARIABLE = YES;
				IPHONEOS_DEPLOYMENT_TARGET = 11.2;
				MTL_ENABLE_DEBUG_INFO = YES;
				ONLY_ACTIVE_ARCH = YES;
				SDKROOT = iphoneos;
				SWIFT_ACTIVE_COMPILATION_CONDITIONS = DEBUG;
				SWIFT_OPTIMIZATION_LEVEL = "-Onone";
			};
			name = Debug;
		};
		2D1FA5302000F224003B1E51 /* Release */ = {
			isa = XCBuildConfiguration;
			buildSettings = {
				ALWAYS_SEARCH_USER_PATHS = NO;
				CLANG_ANALYZER_NONNULL = YES;
				CLANG_ANALYZER_NUMBER_OBJECT_CONVERSION = YES_AGGRESSIVE;
				CLANG_CXX_LANGUAGE_STANDARD = "gnu++14";
				CLANG_CXX_LIBRARY = "libc++";
				CLANG_ENABLE_MODULES = YES;
				CLANG_ENABLE_OBJC_ARC = YES;
				CLANG_WARN_BLOCK_CAPTURE_AUTORELEASING = YES;
				CLANG_WARN_BOOL_CONVERSION = YES;
				CLANG_WARN_COMMA = YES;
				CLANG_WARN_CONSTANT_CONVERSION = YES;
				CLANG_WARN_DIRECT_OBJC_ISA_USAGE = YES_ERROR;
				CLANG_WARN_DOCUMENTATION_COMMENTS = YES;
				CLANG_WARN_EMPTY_BODY = YES;
				CLANG_WARN_ENUM_CONVERSION = YES;
				CLANG_WARN_INFINITE_RECURSION = YES;
				CLANG_WARN_INT_CONVERSION = YES;
				CLANG_WARN_NON_LITERAL_NULL_CONVERSION = YES;
				CLANG_WARN_OBJC_LITERAL_CONVERSION = YES;
				CLANG_WARN_OBJC_ROOT_CLASS = YES_ERROR;
				CLANG_WARN_RANGE_LOOP_ANALYSIS = YES;
				CLANG_WARN_STRICT_PROTOTYPES = YES;
				CLANG_WARN_SUSPICIOUS_MOVE = YES;
				CLANG_WARN_UNGUARDED_AVAILABILITY = YES_AGGRESSIVE;
				CLANG_WARN_UNREACHABLE_CODE = YES;
				CLANG_WARN__DUPLICATE_METHOD_MATCH = YES;
				CODE_SIGN_IDENTITY = "iPhone Developer";
				COPY_PHASE_STRIP = NO;
				DEBUG_INFORMATION_FORMAT = "dwarf-with-dsym";
				ENABLE_NS_ASSERTIONS = NO;
				ENABLE_STRICT_OBJC_MSGSEND = YES;
				GCC_C_LANGUAGE_STANDARD = gnu11;
				GCC_NO_COMMON_BLOCKS = YES;
				GCC_WARN_64_TO_32_BIT_CONVERSION = YES;
				GCC_WARN_ABOUT_RETURN_TYPE = YES_ERROR;
				GCC_WARN_UNDECLARED_SELECTOR = YES;
				GCC_WARN_UNINITIALIZED_AUTOS = YES_AGGRESSIVE;
				GCC_WARN_UNUSED_FUNCTION = YES;
				GCC_WARN_UNUSED_VARIABLE = YES;
				IPHONEOS_DEPLOYMENT_TARGET = 11.2;
				MTL_ENABLE_DEBUG_INFO = NO;
				SDKROOT = iphoneos;
				SWIFT_OPTIMIZATION_LEVEL = "-Owholemodule";
				VALIDATE_PRODUCT = YES;
			};
			name = Release;
		};
		2D1FA5322000F224003B1E51 /* Debug */ = {
			isa = XCBuildConfiguration;
			buildSettings = {
				ASSETCATALOG_COMPILER_APPICON_NAME = AppIcon;
				CODE_SIGN_STYLE = Automatic;
				DEVELOPMENT_TEAM = VNZS5T8L94;
				INFOPLIST_FILE = MovieApp/Info.plist;
				LD_RUNPATH_SEARCH_PATHS = "$(inherited) @executable_path/Frameworks";
				PRODUCT_BUNDLE_IDENTIFIER = com.ismailov.MovieApp;
				PRODUCT_NAME = "$(TARGET_NAME)";
				SWIFT_VERSION = 4.0;
				TARGETED_DEVICE_FAMILY = "1,2";
			};
			name = Debug;
		};
		2D1FA5332000F224003B1E51 /* Release */ = {
			isa = XCBuildConfiguration;
			buildSettings = {
				ASSETCATALOG_COMPILER_APPICON_NAME = AppIcon;
				CODE_SIGN_STYLE = Automatic;
				DEVELOPMENT_TEAM = VNZS5T8L94;
				INFOPLIST_FILE = MovieApp/Info.plist;
				LD_RUNPATH_SEARCH_PATHS = "$(inherited) @executable_path/Frameworks";
				PRODUCT_BUNDLE_IDENTIFIER = com.ismailov.MovieApp;
				PRODUCT_NAME = "$(TARGET_NAME)";
				SWIFT_VERSION = 4.0;
				TARGETED_DEVICE_FAMILY = "1,2";
			};
			name = Release;
		};
		2D1FA5352000F224003B1E51 /* Debug */ = {
			isa = XCBuildConfiguration;
			buildSettings = {
				ALWAYS_EMBED_SWIFT_STANDARD_LIBRARIES = YES;
				BUNDLE_LOADER = "$(TEST_HOST)";
				CODE_SIGN_STYLE = Automatic;
				DEVELOPMENT_TEAM = VNZS5T8L94;
				INFOPLIST_FILE = MovieAppTests/Info.plist;
				LD_RUNPATH_SEARCH_PATHS = "$(inherited) @executable_path/Frameworks @loader_path/Frameworks";
				PRODUCT_BUNDLE_IDENTIFIER = com.ismailov.MovieAppTests;
				PRODUCT_NAME = "$(TARGET_NAME)";
				SWIFT_VERSION = 4.0;
				TARGETED_DEVICE_FAMILY = "1,2";
				TEST_HOST = "$(BUILT_PRODUCTS_DIR)/MovieApp.app/MovieApp";
			};
			name = Debug;
		};
		2D1FA5362000F224003B1E51 /* Release */ = {
			isa = XCBuildConfiguration;
			buildSettings = {
				ALWAYS_EMBED_SWIFT_STANDARD_LIBRARIES = YES;
				BUNDLE_LOADER = "$(TEST_HOST)";
				CODE_SIGN_STYLE = Automatic;
				DEVELOPMENT_TEAM = VNZS5T8L94;
				INFOPLIST_FILE = MovieAppTests/Info.plist;
				LD_RUNPATH_SEARCH_PATHS = "$(inherited) @executable_path/Frameworks @loader_path/Frameworks";
				PRODUCT_BUNDLE_IDENTIFIER = com.ismailov.MovieAppTests;
				PRODUCT_NAME = "$(TARGET_NAME)";
				SWIFT_VERSION = 4.0;
				TARGETED_DEVICE_FAMILY = "1,2";
				TEST_HOST = "$(BUILT_PRODUCTS_DIR)/MovieApp.app/MovieApp";
			};
			name = Release;
		};
		2D1FA5382000F224003B1E51 /* Debug */ = {
			isa = XCBuildConfiguration;
			buildSettings = {
				ALWAYS_EMBED_SWIFT_STANDARD_LIBRARIES = YES;
				CODE_SIGN_STYLE = Automatic;
				DEVELOPMENT_TEAM = VNZS5T8L94;
				INFOPLIST_FILE = MovieAppUITests/Info.plist;
				LD_RUNPATH_SEARCH_PATHS = "$(inherited) @executable_path/Frameworks @loader_path/Frameworks";
				PRODUCT_BUNDLE_IDENTIFIER = com.ismailov.MovieAppUITests;
				PRODUCT_NAME = "$(TARGET_NAME)";
				SWIFT_VERSION = 4.0;
				TARGETED_DEVICE_FAMILY = "1,2";
				TEST_TARGET_NAME = MovieApp;
			};
			name = Debug;
		};
		2D1FA5392000F224003B1E51 /* Release */ = {
			isa = XCBuildConfiguration;
			buildSettings = {
				ALWAYS_EMBED_SWIFT_STANDARD_LIBRARIES = YES;
				CODE_SIGN_STYLE = Automatic;
				DEVELOPMENT_TEAM = VNZS5T8L94;
				INFOPLIST_FILE = MovieAppUITests/Info.plist;
				LD_RUNPATH_SEARCH_PATHS = "$(inherited) @executable_path/Frameworks @loader_path/Frameworks";
				PRODUCT_BUNDLE_IDENTIFIER = com.ismailov.MovieAppUITests;
				PRODUCT_NAME = "$(TARGET_NAME)";
				SWIFT_VERSION = 4.0;
				TARGETED_DEVICE_FAMILY = "1,2";
				TEST_TARGET_NAME = MovieApp;
			};
			name = Release;
		};
/* End XCBuildConfiguration section */

/* Begin XCConfigurationList section */
		2D1FA5012000F223003B1E51 /* Build configuration list for PBXProject "MovieApp" */ = {
			isa = XCConfigurationList;
			buildConfigurations = (
				2D1FA52F2000F224003B1E51 /* Debug */,
				2D1FA5302000F224003B1E51 /* Release */,
			);
			defaultConfigurationIsVisible = 0;
			defaultConfigurationName = Release;
		};
		2D1FA5312000F224003B1E51 /* Build configuration list for PBXNativeTarget "MovieApp" */ = {
			isa = XCConfigurationList;
			buildConfigurations = (
				2D1FA5322000F224003B1E51 /* Debug */,
				2D1FA5332000F224003B1E51 /* Release */,
			);
			defaultConfigurationIsVisible = 0;
			defaultConfigurationName = Release;
		};
		2D1FA5342000F224003B1E51 /* Build configuration list for PBXNativeTarget "MovieAppTests" */ = {
			isa = XCConfigurationList;
			buildConfigurations = (
				2D1FA5352000F224003B1E51 /* Debug */,
				2D1FA5362000F224003B1E51 /* Release */,
			);
			defaultConfigurationIsVisible = 0;
			defaultConfigurationName = Release;
		};
		2D1FA5372000F224003B1E51 /* Build configuration list for PBXNativeTarget "MovieAppUITests" */ = {
			isa = XCConfigurationList;
			buildConfigurations = (
				2D1FA5382000F224003B1E51 /* Debug */,
				2D1FA5392000F224003B1E51 /* Release */,
			);
			defaultConfigurationIsVisible = 0;
			defaultConfigurationName = Release;
		};
/* End XCConfigurationList section */

/* Begin XCVersionGroup section */
		2D1FA5102000F223003B1E51 /* MovieApp.xcdatamodeld */ = {
			isa = XCVersionGroup;
			children = (
				2D1FA5112000F223003B1E51 /* MovieApp.xcdatamodel */,
			);
			currentVersion = 2D1FA5112000F223003B1E51 /* MovieApp.xcdatamodel */;
			path = MovieApp.xcdatamodeld;
			sourceTree = "<group>";
			versionGroupType = wrapper.xcdatamodel;
		};
/* End XCVersionGroup section */
	};
	rootObject = 2D1FA4FE2000F223003B1E51 /* Project object */;
}
